# This file is automatically @generated by Cargo.
# It is not intended for manual editing.
version = 3

[[package]]
name = "bitstream-io"
version = "2.2.0"
source = "registry+https://github.com/rust-lang/crates.io-index"
checksum = "06c9989a51171e2e81038ab168b6ae22886fe9ded214430dbb4f41c28cf176da"

[[package]]
name = "pictext"
version = "0.1.0"
dependencies = [
 "bitstream-io",
]
